
Microsoft Visual Studio Solution File, Format Version 12.00
# Visual Studio 15
Project("{FAE04EC0-301F-11D3-BF4B-00C04F79EFBC}") = "Assembly-CSharp", "Assembly-CSharp.csproj", "{238D01BB-268C-1E73-385D-687009028D32}"
EndProject
Project("{FAE04EC0-301F-11D3-BF4B-00C04F79EFBC}") = "Assembly-CSharp-Editor", "Assembly-CSharp-Editor.csproj", "{F93453BF-E290-554D-1694-5F2503E481D2}"
EndProject
Global
	GlobalSection(SolutionConfigurationPlatforms) = preSolution
		Debug|Any CPU = Debug|Any CPU
		Release|Any CPU = Release|Any CPU
	EndGlobalSection
	GlobalSection(ProjectConfigurationPlatforms) = postSolution
		{238D01BB-268C-1E73-385D-687009028D32}.Debug|Any CPU.ActiveCfg = Debug|Any CPU
		{238D01BB-268C-1E73-385D-687009028D32}.Debug|Any CPU.Build.0 = Debug|Any CPU
		{238D01BB-268C-1E73-385D-687009028D32}.Release|Any CPU.ActiveCfg = Release|Any CPU
		{238D01BB-268C-1E73-385D-687009028D32}.Release|Any CPU.Build.0 = Release|Any CPU
		{F93453BF-E290-554D-1694-5F2503E481D2}.Debug|Any CPU.ActiveCfg = Debug|Any CPU
		{F93453BF-E290-554D-1694-5F2503E481D2}.Debug|Any CPU.Build.0 = Debug|Any CPU
		{F93453BF-E290-554D-1694-5F2503E481D2}.Release|Any CPU.ActiveCfg = Release|Any CPU
		{F93453BF-E290-554D-1694-5F2503E481D2}.Release|Any CPU.Build.0 = Release|Any CPU
	EndGlobalSection
	GlobalSection(SolutionProperties) = preSolution
		HideSolutionNode = FALSE
	EndGlobalSection
EndGlobal
